
Microsoft Visual Studio Solution File, Format Version 12.00
# Visual Studio Version 17
VisualStudioVersion = 17.2.32602.215
MinimumVisualStudioVersion = 10.0.40219.1
Project("{FAE04EC0-301F-11D3-BF4B-00C04F79EFBC}") = "qcm", "qcm\qcm.csproj", "{5AB24DB2-BA6F-4A5F-97C1-6A41CBD9D899}"
EndProject
Global
	GlobalSection(SolutionConfigurationPlatforms) = preSolution
		Debug|Any CPU = Debug|Any CPU
		Release|Any CPU = Release|Any CPU
	EndGlobalSection
	GlobalSection(ProjectConfigurationPlatforms) = postSolution
		{5AB24DB2-BA6F-4A5F-97C1-6A41CBD9D899}.Debug|Any CPU.ActiveCfg = Debug|Any CPU
		{5AB24DB2-BA6F-4A5F-97C1-6A41CBD9D899}.Debug|Any CPU.Build.0 = Debug|Any CPU
		{5AB24DB2-BA6F-4A5F-97C1-6A41CBD9D899}.Release|Any CPU.ActiveCfg = Release|Any CPU
		{5AB24DB2-BA6F-4A5F-97C1-6A41CBD9D899}.Release|Any CPU.Build.0 = Release|Any CPU
	EndGlobalSection
	GlobalSection(SolutionProperties) = preSolution
		HideSolutionNode = FALSE
	EndGlobalSection
	GlobalSection(ExtensibilityGlobals) = postSolution
		SolutionGuid = {2542D604-F4B1-4034-A0BF-46016E17FAF7}
	EndGlobalSection
EndGlobal
